
Microsoft Visual Studio Solution File, Format Version 12.00
# Visual Studio Version 16
VisualStudioVersion = 16.0.32901.82
MinimumVisualStudioVersion = 10.0.40219.1
Project("{00D1A9C2-B5F0-4AF3-8072-F6C62B433612}") = "MarketView", "MarketView.sqlproj", "{EFA35AD1-7C9E-4C7B-B142-3D62D1C27106}"
EndProject
Global
	GlobalSection(SolutionConfigurationPlatforms) = preSolution
		Debug|Any CPU = Debug|Any CPU
		Release|Any CPU = Release|Any CPU
	EndGlobalSection
	GlobalSection(ProjectConfigurationPlatforms) = postSolution
		{EFA35AD1-7C9E-4C7B-B142-3D62D1C27106}.Debug|Any CPU.ActiveCfg = Debug|Any CPU
		{EFA35AD1-7C9E-4C7B-B142-3D62D1C27106}.Debug|Any CPU.Build.0 = Debug|Any CPU
		{EFA35AD1-7C9E-4C7B-B142-3D62D1C27106}.Debug|Any CPU.Deploy.0 = Debug|Any CPU
		{EFA35AD1-7C9E-4C7B-B142-3D62D1C27106}.Release|Any CPU.ActiveCfg = Release|Any CPU
		{EFA35AD1-7C9E-4C7B-B142-3D62D1C27106}.Release|Any CPU.Build.0 = Release|Any CPU
		{EFA35AD1-7C9E-4C7B-B142-3D62D1C27106}.Release|Any CPU.Deploy.0 = Release|Any CPU
	EndGlobalSection
	GlobalSection(SolutionProperties) = preSolution
		HideSolutionNode = FALSE
	EndGlobalSection
	GlobalSection(ExtensibilityGlobals) = postSolution
		SolutionGuid = {BE6F130C-D206-4FC6-B1FA-68DA6D0ED517}
	EndGlobalSection
EndGlobal
