
Microsoft Visual Studio Solution File, Format Version 12.00
# Visual Studio Version 16
VisualStudioVersion = 16.0.32901.82
MinimumVisualStudioVersion = 10.0.40219.1
Project("{00D1A9C2-B5F0-4AF3-8072-F6C62B433612}") = "LandLibraryTEMP", "LandLibraryTEMP.sqlproj", "{C011A840-A9B5-410D-BE34-08DC6EC5BAB5}"
EndProject
Global
	GlobalSection(SolutionConfigurationPlatforms) = preSolution
		Debug|Any CPU = Debug|Any CPU
		Release|Any CPU = Release|Any CPU
	EndGlobalSection
	GlobalSection(ProjectConfigurationPlatforms) = postSolution
		{C011A840-A9B5-410D-BE34-08DC6EC5BAB5}.Debug|Any CPU.ActiveCfg = Debug|Any CPU
		{C011A840-A9B5-410D-BE34-08DC6EC5BAB5}.Debug|Any CPU.Build.0 = Debug|Any CPU
		{C011A840-A9B5-410D-BE34-08DC6EC5BAB5}.Debug|Any CPU.Deploy.0 = Debug|Any CPU
		{C011A840-A9B5-410D-BE34-08DC6EC5BAB5}.Release|Any CPU.ActiveCfg = Release|Any CPU
		{C011A840-A9B5-410D-BE34-08DC6EC5BAB5}.Release|Any CPU.Build.0 = Release|Any CPU
		{C011A840-A9B5-410D-BE34-08DC6EC5BAB5}.Release|Any CPU.Deploy.0 = Release|Any CPU
	EndGlobalSection
	GlobalSection(SolutionProperties) = preSolution
		HideSolutionNode = FALSE
	EndGlobalSection
	GlobalSection(ExtensibilityGlobals) = postSolution
		SolutionGuid = {ABCD367A-22B9-4FBF-AD04-D3DCD9F1E334}
	EndGlobalSection
EndGlobal
