
Microsoft Visual Studio Solution File, Format Version 12.00
# Visual Studio Version 16
VisualStudioVersion = 16.0.32901.82
MinimumVisualStudioVersion = 10.0.40219.1
Project("{00D1A9C2-B5F0-4AF3-8072-F6C62B433612}") = "Aconex", "Aconex.sqlproj", "{60A8BF67-8FAA-4D16-B320-155E3692AF3A}"
EndProject
Global
	GlobalSection(SolutionConfigurationPlatforms) = preSolution
		Debug|Any CPU = Debug|Any CPU
		Release|Any CPU = Release|Any CPU
	EndGlobalSection
	GlobalSection(ProjectConfigurationPlatforms) = postSolution
		{60A8BF67-8FAA-4D16-B320-155E3692AF3A}.Debug|Any CPU.ActiveCfg = Debug|Any CPU
		{60A8BF67-8FAA-4D16-B320-155E3692AF3A}.Debug|Any CPU.Build.0 = Debug|Any CPU
		{60A8BF67-8FAA-4D16-B320-155E3692AF3A}.Debug|Any CPU.Deploy.0 = Debug|Any CPU
		{60A8BF67-8FAA-4D16-B320-155E3692AF3A}.Release|Any CPU.ActiveCfg = Release|Any CPU
		{60A8BF67-8FAA-4D16-B320-155E3692AF3A}.Release|Any CPU.Build.0 = Release|Any CPU
		{60A8BF67-8FAA-4D16-B320-155E3692AF3A}.Release|Any CPU.Deploy.0 = Release|Any CPU
	EndGlobalSection
	GlobalSection(SolutionProperties) = preSolution
		HideSolutionNode = FALSE
	EndGlobalSection
	GlobalSection(ExtensibilityGlobals) = postSolution
		SolutionGuid = {F543E79F-7254-4FEC-84B8-C5C38D707CB7}
	EndGlobalSection
EndGlobal
