
Microsoft Visual Studio Solution File, Format Version 12.00
# Visual Studio 15
VisualStudioVersion = 15.0.28307.902
MinimumVisualStudioVersion = 10.0.40219.1
Project("{159641D6-6404-4A2A-AE62-294DE0FE8301}") = "WorkedHoursReport", "WorkedHoursReport\WorkedHoursReport.dtproj", "{BAFD4E76-F735-4C88-B9D1-4F2E4DC12BE8}"
EndProject
Global
	GlobalSection(SolutionConfigurationPlatforms) = preSolution
		Development|Default = Development|Default
	EndGlobalSection
	GlobalSection(ProjectConfigurationPlatforms) = postSolution
		{BAFD4E76-F735-4C88-B9D1-4F2E4DC12BE8}.Development|Default.ActiveCfg = Development
		{BAFD4E76-F735-4C88-B9D1-4F2E4DC12BE8}.Development|Default.Build.0 = Development
	EndGlobalSection
	GlobalSection(SolutionProperties) = preSolution
		HideSolutionNode = FALSE
	EndGlobalSection
	GlobalSection(ExtensibilityGlobals) = postSolution
		SolutionGuid = {F1940FA1-F125-4FC2-97CC-E54F586158EF}
	EndGlobalSection
EndGlobal
