
Microsoft Visual Studio Solution File, Format Version 12.00
# Visual Studio Version 16
VisualStudioVersion = 16.0.32929.386
MinimumVisualStudioVersion = 10.0.40219.1
Project("{00D1A9C2-B5F0-4AF3-8072-F6C62B433612}") = "Azure Deveops for SQL Automation", "Azure Deveops for SQL Automation\Azure Deveops for SQL Automation.sqlproj", "{3CBBCE89-EBF8-4A71-9AA1-C0E2592011AA}"
EndProject
Global
	GlobalSection(SolutionConfigurationPlatforms) = preSolution
		Debug|Any CPU = Debug|Any CPU
		Release|Any CPU = Release|Any CPU
	EndGlobalSection
	GlobalSection(ProjectConfigurationPlatforms) = postSolution
		{3CBBCE89-EBF8-4A71-9AA1-C0E2592011AA}.Debug|Any CPU.ActiveCfg = Debug|Any CPU
		{3CBBCE89-EBF8-4A71-9AA1-C0E2592011AA}.Debug|Any CPU.Build.0 = Debug|Any CPU
		{3CBBCE89-EBF8-4A71-9AA1-C0E2592011AA}.Debug|Any CPU.Deploy.0 = Debug|Any CPU
		{3CBBCE89-EBF8-4A71-9AA1-C0E2592011AA}.Release|Any CPU.ActiveCfg = Release|Any CPU
		{3CBBCE89-EBF8-4A71-9AA1-C0E2592011AA}.Release|Any CPU.Build.0 = Release|Any CPU
		{3CBBCE89-EBF8-4A71-9AA1-C0E2592011AA}.Release|Any CPU.Deploy.0 = Release|Any CPU
	EndGlobalSection
	GlobalSection(SolutionProperties) = preSolution
		HideSolutionNode = FALSE
	EndGlobalSection
	GlobalSection(ExtensibilityGlobals) = postSolution
		SolutionGuid = {32765D88-82BA-4922-A779-2F1E770E528D}
	EndGlobalSection
EndGlobal
