
Microsoft Visual Studio Solution File, Format Version 12.00
# Visual Studio Version 16
VisualStudioVersion = 16.0.32901.82
MinimumVisualStudioVersion = 10.0.40219.1
Project("{00D1A9C2-B5F0-4AF3-8072-F6C62B433612}") = "TELL_DW2", "TELL_DW2.sqlproj", "{7455FD08-9628-455F-9688-F5D7216E499F}"
EndProject
Global
	GlobalSection(SolutionConfigurationPlatforms) = preSolution
		Debug|Any CPU = Debug|Any CPU
		Release|Any CPU = Release|Any CPU
	EndGlobalSection
	GlobalSection(ProjectConfigurationPlatforms) = postSolution
		{7455FD08-9628-455F-9688-F5D7216E499F}.Debug|Any CPU.ActiveCfg = Debug|Any CPU
		{7455FD08-9628-455F-9688-F5D7216E499F}.Debug|Any CPU.Build.0 = Debug|Any CPU
		{7455FD08-9628-455F-9688-F5D7216E499F}.Debug|Any CPU.Deploy.0 = Debug|Any CPU
		{7455FD08-9628-455F-9688-F5D7216E499F}.Release|Any CPU.ActiveCfg = Release|Any CPU
		{7455FD08-9628-455F-9688-F5D7216E499F}.Release|Any CPU.Build.0 = Release|Any CPU
		{7455FD08-9628-455F-9688-F5D7216E499F}.Release|Any CPU.Deploy.0 = Release|Any CPU
	EndGlobalSection
	GlobalSection(SolutionProperties) = preSolution
		HideSolutionNode = FALSE
	EndGlobalSection
	GlobalSection(ExtensibilityGlobals) = postSolution
		SolutionGuid = {7B68B8C4-0E29-4D1A-959B-3B359A01B65B}
	EndGlobalSection
EndGlobal
