
Microsoft Visual Studio Solution File, Format Version 12.00
# Visual Studio Version 16
VisualStudioVersion = 16.0.32901.82
MinimumVisualStudioVersion = 10.0.40219.1
Project("{00D1A9C2-B5F0-4AF3-8072-F6C62B433612}") = "Prod_Zedi", "Prod_Zedi.sqlproj", "{D53C7CCB-6D4B-461B-BC24-C90003D3BEEE}"
EndProject
Global
	GlobalSection(SolutionConfigurationPlatforms) = preSolution
		Debug|Any CPU = Debug|Any CPU
		Release|Any CPU = Release|Any CPU
	EndGlobalSection
	GlobalSection(ProjectConfigurationPlatforms) = postSolution
		{D53C7CCB-6D4B-461B-BC24-C90003D3BEEE}.Debug|Any CPU.ActiveCfg = Debug|Any CPU
		{D53C7CCB-6D4B-461B-BC24-C90003D3BEEE}.Debug|Any CPU.Build.0 = Debug|Any CPU
		{D53C7CCB-6D4B-461B-BC24-C90003D3BEEE}.Debug|Any CPU.Deploy.0 = Debug|Any CPU
		{D53C7CCB-6D4B-461B-BC24-C90003D3BEEE}.Release|Any CPU.ActiveCfg = Release|Any CPU
		{D53C7CCB-6D4B-461B-BC24-C90003D3BEEE}.Release|Any CPU.Build.0 = Release|Any CPU
		{D53C7CCB-6D4B-461B-BC24-C90003D3BEEE}.Release|Any CPU.Deploy.0 = Release|Any CPU
	EndGlobalSection
	GlobalSection(SolutionProperties) = preSolution
		HideSolutionNode = FALSE
	EndGlobalSection
	GlobalSection(ExtensibilityGlobals) = postSolution
		SolutionGuid = {48A9BF45-0468-4753-8F5F-61C28033D213}
	EndGlobalSection
EndGlobal
