
Microsoft Visual Studio Solution File, Format Version 12.00
# Visual Studio Version 16
VisualStudioVersion = 16.0.32901.82
MinimumVisualStudioVersion = 10.0.40219.1
Project("{00D1A9C2-B5F0-4AF3-8072-F6C62B433612}") = "Prod_Bolo", "Prod_Bolo.sqlproj", "{C98A2068-8D49-4DB7-9A76-55E9C4AEFCA3}"
EndProject
Global
	GlobalSection(SolutionConfigurationPlatforms) = preSolution
		Debug|Any CPU = Debug|Any CPU
		Release|Any CPU = Release|Any CPU
	EndGlobalSection
	GlobalSection(ProjectConfigurationPlatforms) = postSolution
		{C98A2068-8D49-4DB7-9A76-55E9C4AEFCA3}.Debug|Any CPU.ActiveCfg = Debug|Any CPU
		{C98A2068-8D49-4DB7-9A76-55E9C4AEFCA3}.Debug|Any CPU.Build.0 = Debug|Any CPU
		{C98A2068-8D49-4DB7-9A76-55E9C4AEFCA3}.Debug|Any CPU.Deploy.0 = Debug|Any CPU
		{C98A2068-8D49-4DB7-9A76-55E9C4AEFCA3}.Release|Any CPU.ActiveCfg = Release|Any CPU
		{C98A2068-8D49-4DB7-9A76-55E9C4AEFCA3}.Release|Any CPU.Build.0 = Release|Any CPU
		{C98A2068-8D49-4DB7-9A76-55E9C4AEFCA3}.Release|Any CPU.Deploy.0 = Release|Any CPU
	EndGlobalSection
	GlobalSection(SolutionProperties) = preSolution
		HideSolutionNode = FALSE
	EndGlobalSection
	GlobalSection(ExtensibilityGlobals) = postSolution
		SolutionGuid = {ACD367BC-6139-46FF-89DE-002D0F3168F2}
	EndGlobalSection
EndGlobal
